<Solution>
  <Project Path="GoDaddy.Asherah.AppEncryption/GoDaddy.Asherah.AppEncryption.csproj" />
  <Project Path="GoDaddy.Asherah.AppEncryption.Compat/GoDaddy.Asherah.AppEncryption.Compat.csproj" />
  <Project Path="tests/GoDaddy.Asherah.AppEncryption.Tests/GoDaddy.Asherah.AppEncryption.Tests.csproj" />
  <Project Path="tests/GoDaddy.Asherah.AppEncryption.Compat.Tests/GoDaddy.Asherah.AppEncryption.Compat.Tests.csproj" />
</Solution>
