{
  "name": "asherah-node-bench",
  "version": "0.1.0",
  "lockfileVersion": 3,
  "requires": true,
  "packages": {
    "": {
      "name": "asherah-node-bench",
      "version": "0.1.0",
      "license": "Apache-2.0",
      "dependencies": {
        "asherah-node": "file:../../asherah-node"
      }
    },
    "../../asherah-node": {
      "version": "0.1.0",
      "devDependencies": {
        "@napi-rs/cli": "^2.18.0"
      },
      "engines": {
        "node": ">= 18"
      },
      "optionalDependencies": {
        "asherah-darwin-x64": "0.1.0",
        "asherah-linux-x64-gnu": "0.1.0",
        "asherah-win32-x64-msvc": "0.1.0"
      }
    },
    "node_modules/asherah-node": {
      "resolved": "../../asherah-node",
      "link": true
    }
  }
}
