{
  "name": "asherah-node-bench",
  "version": "0.1.0",
  "lockfileVersion": 3,
  "requires": true,
  "packages": {
    "": {
      "name": "asherah-node-bench",
      "version": "0.1.0",
      "license": "Apache-2.0",
      "dependencies": {
        "asherah-node": "file:../../asherah-node",
        "tinybench": "^6.0.0"
      }
    },
    "../../asherah-node": {
      "name": "asherah",
      "version": "4.0.0-beta.1",
      "devDependencies": {
        "@napi-rs/cli": "^2.18.0"
      },
      "engines": {
        "node": ">= 18"
      },
      "optionalDependencies": {
        "asherah-darwin-arm64": "4.0.0-beta.1",
        "asherah-darwin-x64": "4.0.0-beta.1",
        "asherah-linux-arm64-gnu": "4.0.0-beta.1",
        "asherah-linux-arm64-musl": "4.0.0-beta.1",
        "asherah-linux-x64-gnu": "4.0.0-beta.1",
        "asherah-linux-x64-musl": "4.0.0-beta.1",
        "asherah-windows-arm64": "4.0.0-beta.1",
        "asherah-windows-x64": "4.0.0-beta.1"
      }
    },
    "node_modules/asherah-node": {
      "resolved": "../../asherah-node",
      "link": true
    },
    "node_modules/tinybench": {
      "version": "6.0.0",
      "resolved": "https://registry.npmjs.org/tinybench/-/tinybench-6.0.0.tgz",
      "integrity": "sha512-BWlWpVbbZXaYjRV0twGLNQO00Zj4HA/sjLOQP2IvzQqGwRGp+2kh7UU3ijyJ3ywFRogYDRbiHDMrUOfaMnN56g==",
      "license": "MIT",
      "engines": {
        "node": ">=20.0.0"
      }
    }
  }
}
