{
  "name": "e2e-npm-test-beta6",
  "version": "1.0.0",
  "lockfileVersion": 3,
  "requires": true,
  "packages": {
    "": {
      "name": "e2e-npm-test-beta6",
      "version": "1.0.0",
      "dependencies": {
        "asherah": "4.0.0-beta.6"
      }
    },
    "node_modules/asherah": {
      "version": "4.0.0-beta.6",
      "resolved": "https://registry.npmjs.org/asherah/-/asherah-4.0.0-beta.6.tgz",
      "integrity": "sha512-pG4zwz8WFKUGuP/AtfZQPmZ+HQARN+L9clSs3BHe6SUQiHHLaj1AmhB20vWKN+/dP2AEDcpmlR9KCItHxvVEVw==",
      "engines": {
        "node": ">= 18"
      },
      "optionalDependencies": {
        "asherah-darwin-arm64": "4.0.0-beta.6",
        "asherah-darwin-x64": "4.0.0-beta.6",
        "asherah-linux-arm64-gnu": "4.0.0-beta.6",
        "asherah-linux-arm64-musl": "4.0.0-beta.6",
        "asherah-linux-x64-gnu": "4.0.0-beta.6",
        "asherah-linux-x64-musl": "4.0.0-beta.6",
        "asherah-windows-arm64": "4.0.0-beta.6",
        "asherah-windows-x64": "4.0.0-beta.6"
      }
    },
    "node_modules/asherah-darwin-arm64": {
      "version": "4.0.0-beta.6",
      "resolved": "https://registry.npmjs.org/asherah-darwin-arm64/-/asherah-darwin-arm64-4.0.0-beta.6.tgz",
      "integrity": "sha512-9HSerwUOzAd2V+DV897bAIEFtWZDFjUYgMKvujmz89G9jHTAe1ItAyaptWAv/HkCiAk7DFWhw/DZ7Qqi9FKHFQ==",
      "cpu": [
        "arm64"
      ],
      "license": "Apache-2.0",
      "optional": true,
      "os": [
        "darwin"
      ],
      "engines": {
        "node": ">= 18"
      }
    },
    "node_modules/asherah-darwin-x64": {
      "version": "4.0.0-beta.6",
      "resolved": "https://registry.npmjs.org/asherah-darwin-x64/-/asherah-darwin-x64-4.0.0-beta.6.tgz",
      "integrity": "sha512-dcO1ksgndtDmjVPfs+KjP/Xu+EXgO7StTonBFttpr+/GJg5Ch/33AOZNkev/gSud+WYSCv16Moy1MAlfLEp/xg==",
      "cpu": [
        "x64"
      ],
      "license": "Apache-2.0",
      "optional": true,
      "os": [
        "darwin"
      ],
      "engines": {
        "node": ">= 18"
      }
    },
    "node_modules/asherah-linux-arm64-gnu": {
      "version": "4.0.0-beta.6",
      "resolved": "https://registry.npmjs.org/asherah-linux-arm64-gnu/-/asherah-linux-arm64-gnu-4.0.0-beta.6.tgz",
      "integrity": "sha512-kEHk0mx6Cs1Mst5X+GBQHCjYr/doTMIRxmmDG85nPYYZZ7So9z00QnueB9lub/3+4HzD9YqgHjTRZcQZeWMSpQ==",
      "cpu": [
        "arm64"
      ],
      "license": "Apache-2.0",
      "optional": true,
      "os": [
        "linux"
      ],
      "engines": {
        "node": ">= 18"
      }
    },
    "node_modules/asherah-linux-arm64-musl": {
      "version": "4.0.0-beta.6",
      "resolved": "https://registry.npmjs.org/asherah-linux-arm64-musl/-/asherah-linux-arm64-musl-4.0.0-beta.6.tgz",
      "integrity": "sha512-nMlCM2UEM+47LgX179u+psEJtHhDinj4M2EK6OnDGaKTj6JmG2gw+l9L2Xm72xSYXXuCtnxTK09PWCBA5GKceQ==",
      "cpu": [
        "arm64"
      ],
      "license": "Apache-2.0",
      "optional": true,
      "os": [
        "linux"
      ],
      "engines": {
        "node": ">= 18"
      }
    },
    "node_modules/asherah-linux-x64-gnu": {
      "version": "4.0.0-beta.6",
      "resolved": "https://registry.npmjs.org/asherah-linux-x64-gnu/-/asherah-linux-x64-gnu-4.0.0-beta.6.tgz",
      "integrity": "sha512-F7ExcLoyoaJGnrvmgljVZnFsNuIYurmx9I5ItEBvOOJ/i88Hy0WVuEH635bSjRFLBJlejLuGzArmyTBnIsm6DA==",
      "cpu": [
        "x64"
      ],
      "license": "Apache-2.0",
      "optional": true,
      "os": [
        "linux"
      ],
      "engines": {
        "node": ">= 18"
      }
    },
    "node_modules/asherah-linux-x64-musl": {
      "version": "4.0.0-beta.6",
      "resolved": "https://registry.npmjs.org/asherah-linux-x64-musl/-/asherah-linux-x64-musl-4.0.0-beta.6.tgz",
      "integrity": "sha512-FYTb52hornGvexlLn83+YjXNMgBRVexxOkWHIr7yIfw1xZGhgekKVKpxjlyLM07u9okfAsly+haY8aZs3F5SvQ==",
      "cpu": [
        "x64"
      ],
      "license": "Apache-2.0",
      "optional": true,
      "os": [
        "linux"
      ],
      "engines": {
        "node": ">= 18"
      }
    },
    "node_modules/asherah-windows-arm64": {
      "version": "4.0.0-beta.6",
      "resolved": "https://registry.npmjs.org/asherah-windows-arm64/-/asherah-windows-arm64-4.0.0-beta.6.tgz",
      "integrity": "sha512-oZUWLqDPBOuhgE8txo4vPPIMEf04gjpP+4R9vaFlw5n7q9s/L8tYzbufOVX1vOxI4N6MIpGGOwxm6bJLgLHu5w==",
      "cpu": [
        "arm64"
      ],
      "license": "Apache-2.0",
      "optional": true,
      "os": [
        "win32"
      ],
      "engines": {
        "node": ">= 18"
      }
    },
    "node_modules/asherah-windows-x64": {
      "version": "4.0.0-beta.6",
      "resolved": "https://registry.npmjs.org/asherah-windows-x64/-/asherah-windows-x64-4.0.0-beta.6.tgz",
      "integrity": "sha512-8dHxEv9JmwD1RWpgo45wLVZrwKBF7yvHKw+WkxApypcaDHgZpXvImet+iyiw6Cnymyc1SuYnQt13bsc5f9cE5g==",
      "cpu": [
        "x64"
      ],
      "license": "Apache-2.0",
      "optional": true,
      "os": [
        "win32"
      ],
      "engines": {
        "node": ">= 18"
      }
    }
  }
}
