{
  "name": "asherah-e2e-test",
  "version": "1.0.0",
  "lockfileVersion": 3,
  "requires": true,
  "packages": {
    "": {
      "name": "asherah-e2e-test",
      "version": "1.0.0",
      "dependencies": {
        "asherah": "4.0.0-beta.4"
      }
    },
    "node_modules/asherah": {
      "version": "4.0.0-beta.4",
      "resolved": "https://registry.npmjs.org/asherah/-/asherah-4.0.0-beta.4.tgz",
      "integrity": "sha512-5Zw3RVPgToRv2/dpmsYSNgv8nyVdhGiJF4UjZ4HXHotEazs5zP+pKYCnWbFzX7OTFEB1ZROI7Eg9AXfgixeGyw==",
      "engines": {
        "node": ">= 18"
      },
      "optionalDependencies": {
        "asherah-darwin-x64": "4.0.0-beta.4",
        "asherah-linux-x64-gnu": "4.0.0-beta.4",
        "asherah-win32-x64-msvc": "4.0.0-beta.4"
      }
    },
    "node_modules/asherah/node_modules/asherah-darwin-x64": {
      "optional": true
    },
    "node_modules/asherah/node_modules/asherah-linux-x64-gnu": {
      "optional": true
    },
    "node_modules/asherah/node_modules/asherah-win32-x64-msvc": {
      "optional": true
    }
  }
}
