{
  "name": "asherah-interop",
  "version": "0.1.0",
  "lockfileVersion": 3,
  "requires": true,
  "packages": {
    "": {
      "name": "asherah-interop",
      "version": "0.1.0",
      "dependencies": {
        "asherah": "^3.0.12",
        "asherah-node": "file:../asherah-node"
      }
    },
    "../asherah-node": {
      "version": "0.1.0",
      "devDependencies": {
        "@napi-rs/cli": "^2.18.0"
      },
      "engines": {
        "node": ">= 18"
      },
      "optionalDependencies": {
        "asherah-node-darwin-x64": "0.1.0",
        "asherah-node-linux-x64-gnu": "0.1.0",
        "asherah-node-win32-x64-msvc": "0.1.0"
      }
    },
    "node_modules/asherah": {
      "version": "3.0.12",
      "resolved": "https://registry.npmjs.org/asherah/-/asherah-3.0.12.tgz",
      "integrity": "sha512-GTfrKqjdFQ6uNRAs4JU3cRJ+UbX7WHy8HggS1Lu3MknTsjvOw2JoyY2V3cyqnfPA1yv1ThweS1thJhrbfUWpPw==",
      "hasInstallScript": true,
      "license": "MIT",
      "dependencies": {
        "node-addon-api": "^8.3.0"
      }
    },
    "node_modules/asherah-node": {
      "resolved": "../asherah-node",
      "link": true
    },
    "node_modules/node-addon-api": {
      "version": "8.5.0",
      "resolved": "https://registry.npmjs.org/node-addon-api/-/node-addon-api-8.5.0.tgz",
      "integrity": "sha512-/bRZty2mXUIFY/xU5HLvveNHlswNJej+RnxBjOMkidWfwZzgTbPG1E3K5TOxRLOR+5hX7bSofy8yf1hZevMS8A==",
      "license": "MIT",
      "engines": {
        "node": "^18 || ^20 || >= 21"
      }
    }
  }
}
